
Microsoft Visual Studio Solution File, Format Version 12.00
# Visual Studio Version 17
VisualStudioVersion = 17.7.34202.233
MinimumVisualStudioVersion = 10.0.40219.1
Project("{FAE04EC0-301F-11D3-BF4B-00C04F79EFBC}") = "validation", "validation.csproj", "{A81F8494-F215-43D5-BDFA-04C0F370884A}"
EndProject
Global
	GlobalSection(SolutionConfigurationPlatforms) = preSolution
		Debug|Any CPU = Debug|Any CPU
		Release|Any CPU = Release|Any CPU
	EndGlobalSection
	GlobalSection(ProjectConfigurationPlatforms) = postSolution
		{A81F8494-F215-43D5-BDFA-04C0F370884A}.Debug|Any CPU.ActiveCfg = Debug|Any CPU
		{A81F8494-F215-43D5-BDFA-04C0F370884A}.Debug|Any CPU.Build.0 = Debug|Any CPU
		{A81F8494-F215-43D5-BDFA-04C0F370884A}.Release|Any CPU.ActiveCfg = Release|Any CPU
		{A81F8494-F215-43D5-BDFA-04C0F370884A}.Release|Any CPU.Build.0 = Release|Any CPU
	EndGlobalSection
	GlobalSection(SolutionProperties) = preSolution
		HideSolutionNode = FALSE
	EndGlobalSection
	GlobalSection(ExtensibilityGlobals) = postSolution
		SolutionGuid = {72C3C01A-3B9C-45F3-BCC0-DDD78AFEA6A4}
	EndGlobalSection
EndGlobal
